
Microsoft Visual Studio Solution File, Format Version 12.00
# Visual Studio Version 16
VisualStudioVersion = 16.0.31005.135
MinimumVisualStudioVersion = 10.0.40219.1
Project("{FAE04EC0-301F-11D3-BF4B-00C04F79EFBC}") = "NestedDateLoop", "NestedDateLoop.csproj", "{701ADBAD-F1D4-4C45-9583-9A86AA382DF0}"
EndProject
Global
	GlobalSection(SolutionConfigurationPlatforms) = preSolution
		Debug|Any CPU = Debug|Any CPU
		Release|Any CPU = Release|Any CPU
	EndGlobalSection
	GlobalSection(ProjectConfigurationPlatforms) = postSolution
		{701ADBAD-F1D4-4C45-9583-9A86AA382DF0}.Debug|Any CPU.ActiveCfg = Debug|Any CPU
		{701ADBAD-F1D4-4C45-9583-9A86AA382DF0}.Debug|Any CPU.Build.0 = Debug|Any CPU
		{701ADBAD-F1D4-4C45-9583-9A86AA382DF0}.Release|Any CPU.ActiveCfg = Release|Any CPU
		{701ADBAD-F1D4-4C45-9583-9A86AA382DF0}.Release|Any CPU.Build.0 = Release|Any CPU
	EndGlobalSection
	GlobalSection(SolutionProperties) = preSolution
		HideSolutionNode = FALSE
	EndGlobalSection
	GlobalSection(ExtensibilityGlobals) = postSolution
		SolutionGuid = {6BCBD2AE-2F98-428C-ADD8-C3B933FAE7A6}
	EndGlobalSection
EndGlobal
