
Microsoft Visual Studio Solution File, Format Version 12.00
# Visual Studio Version 16
VisualStudioVersion = 16.0.31624.102
MinimumVisualStudioVersion = 10.0.40219.1
Project("{FAE04EC0-301F-11D3-BF4B-00C04F79EFBC}") = "FormUI", "FormUI.csproj", "{917AF44C-B4AF-4098-B0A1-183FA4A6F14D}"
EndProject
Global
	GlobalSection(SolutionConfigurationPlatforms) = preSolution
		Debug|Any CPU = Debug|Any CPU
		Release|Any CPU = Release|Any CPU
	EndGlobalSection
	GlobalSection(ProjectConfigurationPlatforms) = postSolution
		{917AF44C-B4AF-4098-B0A1-183FA4A6F14D}.Debug|Any CPU.ActiveCfg = Debug|Any CPU
		{917AF44C-B4AF-4098-B0A1-183FA4A6F14D}.Debug|Any CPU.Build.0 = Debug|Any CPU
		{917AF44C-B4AF-4098-B0A1-183FA4A6F14D}.Release|Any CPU.ActiveCfg = Release|Any CPU
		{917AF44C-B4AF-4098-B0A1-183FA4A6F14D}.Release|Any CPU.Build.0 = Release|Any CPU
	EndGlobalSection
	GlobalSection(SolutionProperties) = preSolution
		HideSolutionNode = FALSE
	EndGlobalSection
	GlobalSection(ExtensibilityGlobals) = postSolution
		SolutionGuid = {08B5716F-E097-4299-8F77-9125B9E106D0}
	EndGlobalSection
EndGlobal
